
Microsoft Visual Studio Solution File, Format Version 12.00
# Visual Studio Version 16
VisualStudioVersion = 16.0.29613.14
MinimumVisualStudioVersion = 10.0.40219.1
Project("{FAE04EC0-301F-11D3-BF4B-00C04F79EFBC}") = "Estoque", "Estoque\Estoque.csproj", "{A53DDEC0-6DC2-48C6-A42E-0F6A364A1847}"
EndProject
Global
	GlobalSection(SolutionConfigurationPlatforms) = preSolution
		Debug|Any CPU = Debug|Any CPU
		Release|Any CPU = Release|Any CPU
	EndGlobalSection
	GlobalSection(ProjectConfigurationPlatforms) = postSolution
		{A53DDEC0-6DC2-48C6-A42E-0F6A364A1847}.Debug|Any CPU.ActiveCfg = Debug|Any CPU
		{A53DDEC0-6DC2-48C6-A42E-0F6A364A1847}.Debug|Any CPU.Build.0 = Debug|Any CPU
		{A53DDEC0-6DC2-48C6-A42E-0F6A364A1847}.Release|Any CPU.ActiveCfg = Release|Any CPU
		{A53DDEC0-6DC2-48C6-A42E-0F6A364A1847}.Release|Any CPU.Build.0 = Release|Any CPU
	EndGlobalSection
	GlobalSection(SolutionProperties) = preSolution
		HideSolutionNode = FALSE
	EndGlobalSection
	GlobalSection(ExtensibilityGlobals) = postSolution
		SolutionGuid = {B627C54A-D72E-4364-B57A-263F302BC6C5}
	EndGlobalSection
EndGlobal
